
Microsoft Visual Studio Solution File, Format Version 12.00
# Visual Studio Version 17
VisualStudioVersion = 17.0.31903.59
MinimumVisualStudioVersion = 10.0.40219.1
Project("{2150E333-8FDC-42A3-9474-1A3956D46DE8}") = "Backend", "Backend", "{1AE8ACA6-933B-BF2A-3671-3E2EAC007D16}"
EndProject
Project("{FAE04EC0-301F-11D3-BF4B-00C04F79EFBC}") = "TaskManagement.API", "Backend\TaskManagement.API\TaskManagement.API.csproj", "{7EB4D66E-A74D-40A4-B692-E7CFB820A447}"
EndProject
Project("{FAE04EC0-301F-11D3-BF4B-00C04F79EFBC}") = "TaskManagement.Core", "Backend\TaskManagement.Core\TaskManagement.Core.csproj", "{240B960E-E563-4BBB-9B5C-9824C17CA8B3}"
EndProject
Project("{FAE04EC0-301F-11D3-BF4B-00C04F79EFBC}") = "TaskManagement.Infrastructure", "Backend\TaskManagement.Infrastructure\TaskManagement.Infrastructure.csproj", "{B137C501-53B2-4153-9D5D-5625CA9306CD}"
EndProject
Project("{FAE04EC0-301F-11D3-BF4B-00C04F79EFBC}") = "TaskManagement.Tests", "Backend\TaskManagement.Tests\TaskManagement.Tests.csproj", "{C4C9C644-9C7C-4D07-A1AA-8DBB217439AC}"
EndProject
Global
	GlobalSection(SolutionConfigurationPlatforms) = preSolution
		Debug|Any CPU = Debug|Any CPU
		Debug|x64 = Debug|x64
		Debug|x86 = Debug|x86
		Release|Any CPU = Release|Any CPU
		Release|x64 = Release|x64
		Release|x86 = Release|x86
	EndGlobalSection
	GlobalSection(ProjectConfigurationPlatforms) = postSolution
		{7EB4D66E-A74D-40A4-B692-E7CFB820A447}.Debug|Any CPU.ActiveCfg = Debug|Any CPU
		{7EB4D66E-A74D-40A4-B692-E7CFB820A447}.Debug|Any CPU.Build.0 = Debug|Any CPU
		{7EB4D66E-A74D-40A4-B692-E7CFB820A447}.Debug|x64.ActiveCfg = Debug|Any CPU
		{7EB4D66E-A74D-40A4-B692-E7CFB820A447}.Debug|x64.Build.0 = Debug|Any CPU
		{7EB4D66E-A74D-40A4-B692-E7CFB820A447}.Debug|x86.ActiveCfg = Debug|Any CPU
		{7EB4D66E-A74D-40A4-B692-E7CFB820A447}.Debug|x86.Build.0 = Debug|Any CPU
		{7EB4D66E-A74D-40A4-B692-E7CFB820A447}.Release|Any CPU.ActiveCfg = Release|Any CPU
		{7EB4D66E-A74D-40A4-B692-E7CFB820A447}.Release|Any CPU.Build.0 = Release|Any CPU
		{7EB4D66E-A74D-40A4-B692-E7CFB820A447}.Release|x64.ActiveCfg = Release|Any CPU
		{7EB4D66E-A74D-40A4-B692-E7CFB820A447}.Release|x64.Build.0 = Release|Any CPU
		{7EB4D66E-A74D-40A4-B692-E7CFB820A447}.Release|x86.ActiveCfg = Release|Any CPU
		{7EB4D66E-A74D-40A4-B692-E7CFB820A447}.Release|x86.Build.0 = Release|Any CPU
		{240B960E-E563-4BBB-9B5C-9824C17CA8B3}.Debug|Any CPU.ActiveCfg = Debug|Any CPU
		{240B960E-E563-4BBB-9B5C-9824C17CA8B3}.Debug|Any CPU.Build.0 = Debug|Any CPU
		{240B960E-E563-4BBB-9B5C-9824C17CA8B3}.Debug|x64.ActiveCfg = Debug|Any CPU
		{240B960E-E563-4BBB-9B5C-9824C17CA8B3}.Debug|x64.Build.0 = Debug|Any CPU
		{240B960E-E563-4BBB-9B5C-9824C17CA8B3}.Debug|x86.ActiveCfg = Debug|Any CPU
		{240B960E-E563-4BBB-9B5C-9824C17CA8B3}.Debug|x86.Build.0 = Debug|Any CPU
		{240B960E-E563-4BBB-9B5C-9824C17CA8B3}.Release|Any CPU.ActiveCfg = Release|Any CPU
		{240B960E-E563-4BBB-9B5C-9824C17CA8B3}.Release|Any CPU.Build.0 = Release|Any CPU
		{240B960E-E563-4BBB-9B5C-9824C17CA8B3}.Release|x64.ActiveCfg = Release|Any CPU
		{240B960E-E563-4BBB-9B5C-9824C17CA8B3}.Release|x64.Build.0 = Release|Any CPU
		{240B960E-E563-4BBB-9B5C-9824C17CA8B3}.Release|x86.ActiveCfg = Release|Any CPU
		{240B960E-E563-4BBB-9B5C-9824C17CA8B3}.Release|x86.Build.0 = Release|Any CPU
		{B137C501-53B2-4153-9D5D-5625CA9306CD}.Debug|Any CPU.ActiveCfg = Debug|Any CPU
		{B137C501-53B2-4153-9D5D-5625CA9306CD}.Debug|Any CPU.Build.0 = Debug|Any CPU
		{B137C501-53B2-4153-9D5D-5625CA9306CD}.Debug|x64.ActiveCfg = Debug|Any CPU
		{B137C501-53B2-4153-9D5D-5625CA9306CD}.Debug|x64.Build.0 = Debug|Any CPU
		{B137C501-53B2-4153-9D5D-5625CA9306CD}.Debug|x86.ActiveCfg = Debug|Any CPU
		{B137C501-53B2-4153-9D5D-5625CA9306CD}.Debug|x86.Build.0 = Debug|Any CPU
		{B137C501-53B2-4153-9D5D-5625CA9306CD}.Release|Any CPU.ActiveCfg = Release|Any CPU
		{B137C501-53B2-4153-9D5D-5625CA9306CD}.Release|Any CPU.Build.0 = Release|Any CPU
		{B137C501-53B2-4153-9D5D-5625CA9306CD}.Release|x64.ActiveCfg = Release|Any CPU
		{B137C501-53B2-4153-9D5D-5625CA9306CD}.Release|x64.Build.0 = Release|Any CPU
		{B137C501-53B2-4153-9D5D-5625CA9306CD}.Release|x86.ActiveCfg = Release|Any CPU
		{B137C501-53B2-4153-9D5D-5625CA9306CD}.Release|x86.Build.0 = Release|Any CPU
		{C4C9C644-9C7C-4D07-A1AA-8DBB217439AC}.Debug|Any CPU.ActiveCfg = Debug|Any CPU
		{C4C9C644-9C7C-4D07-A1AA-8DBB217439AC}.Debug|Any CPU.Build.0 = Debug|Any CPU
		{C4C9C644-9C7C-4D07-A1AA-8DBB217439AC}.Debug|x64.ActiveCfg = Debug|Any CPU
		{C4C9C644-9C7C-4D07-A1AA-8DBB217439AC}.Debug|x64.Build.0 = Debug|Any CPU
		{C4C9C644-9C7C-4D07-A1AA-8DBB217439AC}.Debug|x86.ActiveCfg = Debug|Any CPU
		{C4C9C644-9C7C-4D07-A1AA-8DBB217439AC}.Debug|x86.Build.0 = Debug|Any CPU
		{C4C9C644-9C7C-4D07-A1AA-8DBB217439AC}.Release|Any CPU.ActiveCfg = Release|Any CPU
		{C4C9C644-9C7C-4D07-A1AA-8DBB217439AC}.Release|Any CPU.Build.0 = Release|Any CPU
		{C4C9C644-9C7C-4D07-A1AA-8DBB217439AC}.Release|x64.ActiveCfg = Release|Any CPU
		{C4C9C644-9C7C-4D07-A1AA-8DBB217439AC}.Release|x64.Build.0 = Release|Any CPU
		{C4C9C644-9C7C-4D07-A1AA-8DBB217439AC}.Release|x86.ActiveCfg = Release|Any CPU
		{C4C9C644-9C7C-4D07-A1AA-8DBB217439AC}.Release|x86.Build.0 = Release|Any CPU
	EndGlobalSection
	GlobalSection(SolutionProperties) = preSolution
		HideSolutionNode = FALSE
	EndGlobalSection
	GlobalSection(NestedProjects) = preSolution
		{7EB4D66E-A74D-40A4-B692-E7CFB820A447} = {1AE8ACA6-933B-BF2A-3671-3E2EAC007D16}
		{240B960E-E563-4BBB-9B5C-9824C17CA8B3} = {1AE8ACA6-933B-BF2A-3671-3E2EAC007D16}
		{B137C501-53B2-4153-9D5D-5625CA9306CD} = {1AE8ACA6-933B-BF2A-3671-3E2EAC007D16}
		{C4C9C644-9C7C-4D07-A1AA-8DBB217439AC} = {1AE8ACA6-933B-BF2A-3671-3E2EAC007D16}
	EndGlobalSection
EndGlobal
